
Microsoft Visual Studio Solution File, Format Version 12.00
# Visual Studio Version 17
VisualStudioVersion = 17.5.33516.290
MinimumVisualStudioVersion = 10.0.40219.1
Project("{FAE04EC0-301F-11D3-BF4B-00C04F79EFBC}") = "sqlapp", "sqlapp.csproj", "{B7F8D529-673B-4A74-904D-E3D7B87C5736}"
EndProject
Global
	GlobalSection(SolutionConfigurationPlatforms) = preSolution
		Debug|Any CPU = Debug|Any CPU
		Release|Any CPU = Release|Any CPU
	EndGlobalSection
	GlobalSection(ProjectConfigurationPlatforms) = postSolution
		{B7F8D529-673B-4A74-904D-E3D7B87C5736}.Debug|Any CPU.ActiveCfg = Debug|Any CPU
		{B7F8D529-673B-4A74-904D-E3D7B87C5736}.Debug|Any CPU.Build.0 = Debug|Any CPU
		{B7F8D529-673B-4A74-904D-E3D7B87C5736}.Release|Any CPU.ActiveCfg = Release|Any CPU
		{B7F8D529-673B-4A74-904D-E3D7B87C5736}.Release|Any CPU.Build.0 = Release|Any CPU
	EndGlobalSection
	GlobalSection(SolutionProperties) = preSolution
		HideSolutionNode = FALSE
	EndGlobalSection
	GlobalSection(ExtensibilityGlobals) = postSolution
		SolutionGuid = {FB4D3F44-BCC9-4208-8F28-00DDAA364986}
	EndGlobalSection
EndGlobal
